
Microsoft Visual Studio Solution File, Format Version 12.00
# Visual Studio Version 16
VisualStudioVersion = 16.0.29509.3
MinimumVisualStudioVersion = 10.0.40219.1
Project("{FAE04EC0-301F-11D3-BF4B-00C04F79EFBC}") = "WpfApp1", "WpfApp1\WpfApp1.csproj", "{40DCA9F6-EA29-4CFE-9FB4-91899CA0D418}"
EndProject
Global
	GlobalSection(SolutionConfigurationPlatforms) = preSolution
		Debug|Any CPU = Debug|Any CPU
		Release|Any CPU = Release|Any CPU
	EndGlobalSection
	GlobalSection(ProjectConfigurationPlatforms) = postSolution
		{40DCA9F6-EA29-4CFE-9FB4-91899CA0D418}.Debug|Any CPU.ActiveCfg = Debug|Any CPU
		{40DCA9F6-EA29-4CFE-9FB4-91899CA0D418}.Debug|Any CPU.Build.0 = Debug|Any CPU
		{40DCA9F6-EA29-4CFE-9FB4-91899CA0D418}.Release|Any CPU.ActiveCfg = Release|Any CPU
		{40DCA9F6-EA29-4CFE-9FB4-91899CA0D418}.Release|Any CPU.Build.0 = Release|Any CPU
	EndGlobalSection
	GlobalSection(SolutionProperties) = preSolution
		HideSolutionNode = FALSE
	EndGlobalSection
	GlobalSection(ExtensibilityGlobals) = postSolution
		SolutionGuid = {1A9D46C2-F636-4910-8E69-47DE4FF697F8}
	EndGlobalSection
EndGlobal
